
Microsoft Visual Studio Solution File, Format Version 12.00
# Visual Studio Version 17
VisualStudioVersion = 17.12.35707.178 d17.12
MinimumVisualStudioVersion = 10.0.40219.1
Project("{FAE04EC0-301F-11D3-BF4B-00C04F79EFBC}") = "Simula's Soup", "Simula's Soup\Simula's Soup.csproj", "{FDC4DDEF-274B-486F-8A8D-FCAFA2E04358}"
EndProject
Global
	GlobalSection(SolutionConfigurationPlatforms) = preSolution
		Debug|Any CPU = Debug|Any CPU
		Release|Any CPU = Release|Any CPU
	EndGlobalSection
	GlobalSection(ProjectConfigurationPlatforms) = postSolution
		{FDC4DDEF-274B-486F-8A8D-FCAFA2E04358}.Debug|Any CPU.ActiveCfg = Debug|Any CPU
		{FDC4DDEF-274B-486F-8A8D-FCAFA2E04358}.Debug|Any CPU.Build.0 = Debug|Any CPU
		{FDC4DDEF-274B-486F-8A8D-FCAFA2E04358}.Release|Any CPU.ActiveCfg = Release|Any CPU
		{FDC4DDEF-274B-486F-8A8D-FCAFA2E04358}.Release|Any CPU.Build.0 = Release|Any CPU
	EndGlobalSection
	GlobalSection(SolutionProperties) = preSolution
		HideSolutionNode = FALSE
	EndGlobalSection
EndGlobal
